
Microsoft Visual Studio Solution File, Format Version 12.00
# Visual Studio Version 16
VisualStudioVersion = 16.0.30503.244
MinimumVisualStudioVersion = 10.0.40219.1
Project("{FAE04EC0-301F-11D3-BF4B-00C04F79EFBC}") = "EmployeeManagement", "EmployeeManagement\EmployeeManagement.csproj", "{1FF347AC-3126-418D-BC26-56A84E67C1EB}"
EndProject
Project("{FAE04EC0-301F-11D3-BF4B-00C04F79EFBC}") = "BusinessLayer", "BusinessLayer\BusinessLayer.csproj", "{37E6FB11-6E6B-4EBD-850D-4F1D48DE131F}"
EndProject
Project("{FAE04EC0-301F-11D3-BF4B-00C04F79EFBC}") = "CommonLayer", "CommonLayer\CommonLayer.csproj", "{57043886-8B7B-44CD-B83A-6745FD3737A6}"
EndProject
Project("{FAE04EC0-301F-11D3-BF4B-00C04F79EFBC}") = "RepositoryLayer", "RepositoryLayer\RepositoryLayer.csproj", "{EE99D57E-36CE-47F2-AA6D-9B47A1D7008B}"
EndProject
Global
	GlobalSection(SolutionConfigurationPlatforms) = preSolution
		Debug|Any CPU = Debug|Any CPU
		Release|Any CPU = Release|Any CPU
	EndGlobalSection
	GlobalSection(ProjectConfigurationPlatforms) = postSolution
		{1FF347AC-3126-418D-BC26-56A84E67C1EB}.Debug|Any CPU.ActiveCfg = Debug|Any CPU
		{1FF347AC-3126-418D-BC26-56A84E67C1EB}.Debug|Any CPU.Build.0 = Debug|Any CPU
		{1FF347AC-3126-418D-BC26-56A84E67C1EB}.Release|Any CPU.ActiveCfg = Release|Any CPU
		{1FF347AC-3126-418D-BC26-56A84E67C1EB}.Release|Any CPU.Build.0 = Release|Any CPU
		{37E6FB11-6E6B-4EBD-850D-4F1D48DE131F}.Debug|Any CPU.ActiveCfg = Debug|Any CPU
		{37E6FB11-6E6B-4EBD-850D-4F1D48DE131F}.Debug|Any CPU.Build.0 = Debug|Any CPU
		{37E6FB11-6E6B-4EBD-850D-4F1D48DE131F}.Release|Any CPU.ActiveCfg = Release|Any CPU
		{37E6FB11-6E6B-4EBD-850D-4F1D48DE131F}.Release|Any CPU.Build.0 = Release|Any CPU
		{57043886-8B7B-44CD-B83A-6745FD3737A6}.Debug|Any CPU.ActiveCfg = Debug|Any CPU
		{57043886-8B7B-44CD-B83A-6745FD3737A6}.Debug|Any CPU.Build.0 = Debug|Any CPU
		{57043886-8B7B-44CD-B83A-6745FD3737A6}.Release|Any CPU.ActiveCfg = Release|Any CPU
		{57043886-8B7B-44CD-B83A-6745FD3737A6}.Release|Any CPU.Build.0 = Release|Any CPU
		{EE99D57E-36CE-47F2-AA6D-9B47A1D7008B}.Debug|Any CPU.ActiveCfg = Debug|Any CPU
		{EE99D57E-36CE-47F2-AA6D-9B47A1D7008B}.Debug|Any CPU.Build.0 = Debug|Any CPU
		{EE99D57E-36CE-47F2-AA6D-9B47A1D7008B}.Release|Any CPU.ActiveCfg = Release|Any CPU
		{EE99D57E-36CE-47F2-AA6D-9B47A1D7008B}.Release|Any CPU.Build.0 = Release|Any CPU
	EndGlobalSection
	GlobalSection(SolutionProperties) = preSolution
		HideSolutionNode = FALSE
	EndGlobalSection
	GlobalSection(ExtensibilityGlobals) = postSolution
		SolutionGuid = {C8AEDE42-1F82-433C-B0CA-1FA42F128DF8}
	EndGlobalSection
EndGlobal
